Microsoft Visual Studio Solution File, Format Version 12.00
# Visual Studio Version 16
VisualStudioVersion = 16.0.28803.452
MinimumVisualStudioVersion = 10.0.40219.1
Project("{9A19103F-16F7-4668-BE54-9A1E7A4F7556}") = "Neo.SmartContract.Framework", "src\Neo.SmartContract.Framework\Neo.SmartContract.Framework.csproj", "{C30B5859-D4B9-46E8-A797-6B0A1B49B590}"
EndProject
Project("{FAE04EC0-301F-11D3-BF4B-00C04F79EFBC}") = "Template.CSharp", "templates\Template.CSharp\Template.CSharp.csproj", "{6F0591A9-B218-49BB-B666-CE6D1FA8F990}"
EndProject
Project("{FAE04EC0-301F-11D3-BF4B-00C04F79EFBC}") = "Installer", "src\Installer\Installer.csproj", "{EDE374C3-2600-460C-B852-8AA3956988BB}"
EndProject
Project("{F184B08F-C81C-45F6-A57F-5ABD9991F28F}") = "Template.VB", "templates\Template.VB\Template.VB.vbproj", "{3B1B140B-0716-4B2C-9A40-D1D6F2B49710}"
EndProject
Project("{9A19103F-16F7-4668-BE54-9A1E7A4F7556}") = "Neo.Compiler.MSIL", "src\Neo.Compiler.MSIL\Neo.Compiler.MSIL.csproj", "{42C0FF0F-0A7C-4166-A773-1F944642C209}"
EndProject
Project("{9A19103F-16F7-4668-BE54-9A1E7A4F7556}") = "Neo.Compiler.MSIL.UnitTests", "tests\Neo.Compiler.MSIL.UnitTests\Neo.Compiler.MSIL.UnitTests.csproj", "{DE7C57CD-E4F8-4745-AB71-BABE13A0AE14}"
EndProject
Project("{9A19103F-16F7-4668-BE54-9A1E7A4F7556}") = "Neo.SmartContract.Framework.UnitTests", "tests\Neo.SmartContract.Framework.UnitTests\Neo.SmartContract.Framework.UnitTests.csproj", "{93BEC5CC-BAFF-4389-89E7-84AAFF5D495D}"
EndProject
Project("{2150E333-8FDC-42A3-9474-1A3956D46DE8}") = "src", "src", "{79389FC0-C621-4CEA-AD2B-6074C32E7BCA}"
EndProject
Project("{2150E333-8FDC-42A3-9474-1A3956D46DE8}") = "templates", "templates", "{7042EF23-826B-45A1-A905-59AD678C31B7}"
EndProject
Project("{2150E333-8FDC-42A3-9474-1A3956D46DE8}") = "tests", "tests", "{D5266066-0AFD-44D5-A83E-2F73668A63C8}"
EndProject
Global
	GlobalSection(SolutionConfigurationPlatforms) = preSolution
		Debug|Any CPU = Debug|Any CPU
		Release|Any CPU = Release|Any CPU
	EndGlobalSection
	GlobalSection(ProjectConfigurationPlatforms) = postSolution
		{C30B5859-D4B9-46E8-A797-6B0A1B49B590}.Debug|Any CPU.ActiveCfg = Debug|Any CPU
		{C30B5859-D4B9-46E8-A797-6B0A1B49B590}.Debug|Any CPU.Build.0 = Debug|Any CPU
		{C30B5859-D4B9-46E8-A797-6B0A1B49B590}.Release|Any CPU.ActiveCfg = Release|Any CPU
		{C30B5859-D4B9-46E8-A797-6B0A1B49B590}.Release|Any CPU.Build.0 = Release|Any CPU
		{6F0591A9-B218-49BB-B666-CE6D1FA8F990}.Debug|Any CPU.ActiveCfg = Debug|Any CPU
		{6F0591A9-B218-49BB-B666-CE6D1FA8F990}.Debug|Any CPU.Build.0 = Debug|Any CPU
		{6F0591A9-B218-49BB-B666-CE6D1FA8F990}.Release|Any CPU.ActiveCfg = Release|Any CPU
		{6F0591A9-B218-49BB-B666-CE6D1FA8F990}.Release|Any CPU.Build.0 = Release|Any CPU
		{EDE374C3-2600-460C-B852-8AA3956988BB}.Debug|Any CPU.ActiveCfg = Debug|Any CPU
		{EDE374C3-2600-460C-B852-8AA3956988BB}.Debug|Any CPU.Build.0 = Debug|Any CPU
		{EDE374C3-2600-460C-B852-8AA3956988BB}.Release|Any CPU.ActiveCfg = Release|Any CPU
		{EDE374C3-2600-460C-B852-8AA3956988BB}.Release|Any CPU.Build.0 = Release|Any CPU
		{3B1B140B-0716-4B2C-9A40-D1D6F2B49710}.Debug|Any CPU.ActiveCfg = Debug|Any CPU
		{3B1B140B-0716-4B2C-9A40-D1D6F2B49710}.Debug|Any CPU.Build.0 = Debug|Any CPU
		{3B1B140B-0716-4B2C-9A40-D1D6F2B49710}.Release|Any CPU.ActiveCfg = Release|Any CPU
		{3B1B140B-0716-4B2C-9A40-D1D6F2B49710}.Release|Any CPU.Build.0 = Release|Any CPU
		{42C0FF0F-0A7C-4166-A773-1F944642C209}.Debug|Any CPU.ActiveCfg = Debug|Any CPU
		{42C0FF0F-0A7C-4166-A773-1F944642C209}.Debug|Any CPU.Build.0 = Debug|Any CPU
		{42C0FF0F-0A7C-4166-A773-1F944642C209}.Release|Any CPU.ActiveCfg = Release|Any CPU
		{42C0FF0F-0A7C-4166-A773-1F944642C209}.Release|Any CPU.Build.0 = Release|Any CPU
		{DE7C57CD-E4F8-4745-AB71-BABE13A0AE14}.Debug|Any CPU.ActiveCfg = Debug|Any CPU
		{DE7C57CD-E4F8-4745-AB71-BABE13A0AE14}.Debug|Any CPU.Build.0 = Debug|Any CPU
		{DE7C57CD-E4F8-4745-AB71-BABE13A0AE14}.Release|Any CPU.ActiveCfg = Release|Any CPU
		{DE7C57CD-E4F8-4745-AB71-BABE13A0AE14}.Release|Any CPU.Build.0 = Release|Any CPU
		{93BEC5CC-BAFF-4389-89E7-84AAFF5D495D}.Debug|Any CPU.ActiveCfg = Debug|Any CPU
		{93BEC5CC-BAFF-4389-89E7-84AAFF5D495D}.Debug|Any CPU.Build.0 = Debug|Any CPU
		{93BEC5CC-BAFF-4389-89E7-84AAFF5D495D}.Release|Any CPU.ActiveCfg = Release|Any CPU
		{93BEC5CC-BAFF-4389-89E7-84AAFF5D495D}.Release|Any CPU.Build.0 = Release|Any CPU
	EndGlobalSection
	GlobalSection(SolutionProperties) = preSolution
		HideSolutionNode = FALSE
	EndGlobalSection
	GlobalSection(NestedProjects) = preSolution
		{C30B5859-D4B9-46E8-A797-6B0A1B49B590} = {79389FC0-C621-4CEA-AD2B-6074C32E7BCA}
		{6F0591A9-B218-49BB-B666-CE6D1FA8F990} = {7042EF23-826B-45A1-A905-59AD678C31B7}
		{EDE374C3-2600-460C-B852-8AA3956988BB} = {79389FC0-C621-4CEA-AD2B-6074C32E7BCA}
		{3B1B140B-0716-4B2C-9A40-D1D6F2B49710} = {7042EF23-826B-45A1-A905-59AD678C31B7}
		{42C0FF0F-0A7C-4166-A773-1F944642C209} = {79389FC0-C621-4CEA-AD2B-6074C32E7BCA}
		{DE7C57CD-E4F8-4745-AB71-BABE13A0AE14} = {D5266066-0AFD-44D5-A83E-2F73668A63C8}
		{93BEC5CC-BAFF-4389-89E7-84AAFF5D495D} = {D5266066-0AFD-44D5-A83E-2F73668A63C8}
	EndGlobalSection
	GlobalSection(ExtensibilityGlobals) = postSolution
		SolutionGuid = {6DA935E1-C674-4364-B087-F1B511B79215}
	EndGlobalSection
EndGlobal
