Microsoft Visual Studio Solution File, Format Version 12.00
# Visual Studio Version 16
VisualStudioVersion = 16.0.28803.452
MinimumVisualStudioVersion = 10.0.40219.1
Project("{9A19103F-16F7-4668-BE54-9A1E7A4F7556}") = "Neo.SmartContract.Framework", "src\Neo.SmartContract.Framework\Neo.SmartContract.Framework.csproj", "{C30B5859-D4B9-46E8-A797-6B0A1B49B590}"
EndProject
Project("{9A19103F-16F7-4668-BE54-9A1E7A4F7556}") = "Neo.Compiler.CSharp", "src\Neo.Compiler.CSharp\Neo.Compiler.CSharp.csproj", "{A2A3B687-A1EC-4221-B792-9BBA8DED09DA}"
EndProject
Project("{9A19103F-16F7-4668-BE54-9A1E7A4F7556}") = "Neo.SmartContract.Template", "src\Neo.SmartContract.Template\Neo.SmartContract.Template.csproj", "{FC0CAF5A-30A7-4857-B1A4-486FAAA39E5A}"
EndProject
Project("{9A19103F-16F7-4668-BE54-9A1E7A4F7556}") = "Neo.Compiler.CSharp.UnitTests", "tests\Neo.Compiler.CSharp.UnitTests\Neo.Compiler.CSharp.UnitTests.csproj", "{4C6B120B-99B5-4888-B8D5-45031458DD07}"
EndProject
Project("{9A19103F-16F7-4668-BE54-9A1E7A4F7556}") = "Neo.SmartContract.Framework.UnitTests", "tests\Neo.SmartContract.Framework.UnitTests\Neo.SmartContract.Framework.UnitTests.csproj", "{93BEC5CC-BAFF-4389-89E7-84AAFF5D495D}"
EndProject
Project("{2150E333-8FDC-42A3-9474-1A3956D46DE8}") = "src", "src", "{79389FC0-C621-4CEA-AD2B-6074C32E7BCA}"
EndProject
Project("{2150E333-8FDC-42A3-9474-1A3956D46DE8}") = "tests", "tests", "{D5266066-0AFD-44D5-A83E-2F73668A63C8}"
EndProject
Project("{FAE04EC0-301F-11D3-BF4B-00C04F79EFBC}") = "Neo", "neo\src\Neo\Neo.csproj", "{73223FBD-C562-4FA0-9722-C7F1C382A9DE}"
EndProject
Project("{FAE04EC0-301F-11D3-BF4B-00C04F79EFBC}") = "Neo.Cryptography.BLS12_381", "neo\src\Neo.Cryptography.BLS12_381\Neo.Cryptography.BLS12_381.csproj", "{D541BCE9-65BC-475B-94E5-19B6BFFF2B8E}"
EndProject
Project("{FAE04EC0-301F-11D3-BF4B-00C04F79EFBC}") = "Neo.Json", "neo\src\Neo.Json\Neo.Json.csproj", "{35A34EBD-F2BF-4D83-A096-D5F007B12732}"
EndProject
Project("{FAE04EC0-301F-11D3-BF4B-00C04F79EFBC}") = "Neo.VM", "neo\src\Neo.VM\Neo.VM.csproj", "{D6D53889-5A10-46A4-BA66-E78B56EC1881}"
EndProject
Global
	GlobalSection(SolutionConfigurationPlatforms) = preSolution
		Debug|Any CPU = Debug|Any CPU
		Release|Any CPU = Release|Any CPU
	EndGlobalSection
	GlobalSection(ProjectConfigurationPlatforms) = postSolution
		{C30B5859-D4B9-46E8-A797-6B0A1B49B590}.Debug|Any CPU.ActiveCfg = Debug|Any CPU
		{C30B5859-D4B9-46E8-A797-6B0A1B49B590}.Debug|Any CPU.Build.0 = Debug|Any CPU
		{C30B5859-D4B9-46E8-A797-6B0A1B49B590}.Release|Any CPU.ActiveCfg = Release|Any CPU
		{C30B5859-D4B9-46E8-A797-6B0A1B49B590}.Release|Any CPU.Build.0 = Release|Any CPU
		{A2A3B687-A1EC-4221-B792-9BBA8DED09DA}.Debug|Any CPU.ActiveCfg = Debug|Any CPU
		{A2A3B687-A1EC-4221-B792-9BBA8DED09DA}.Debug|Any CPU.Build.0 = Debug|Any CPU
		{A2A3B687-A1EC-4221-B792-9BBA8DED09DA}.Release|Any CPU.ActiveCfg = Release|Any CPU
		{A2A3B687-A1EC-4221-B792-9BBA8DED09DA}.Release|Any CPU.Build.0 = Release|Any CPU
		{FC0CAF5A-30A7-4857-B1A4-486FAAA39E5A}.Debug|Any CPU.ActiveCfg = Debug|Any CPU
		{FC0CAF5A-30A7-4857-B1A4-486FAAA39E5A}.Debug|Any CPU.Build.0 = Debug|Any CPU
		{FC0CAF5A-30A7-4857-B1A4-486FAAA39E5A}.Release|Any CPU.ActiveCfg = Release|Any CPU
		{FC0CAF5A-30A7-4857-B1A4-486FAAA39E5A}.Release|Any CPU.Build.0 = Release|Any CPU
		{4C6B120B-99B5-4888-B8D5-45031458DD07}.Debug|Any CPU.ActiveCfg = Debug|Any CPU
		{4C6B120B-99B5-4888-B8D5-45031458DD07}.Debug|Any CPU.Build.0 = Debug|Any CPU
		{4C6B120B-99B5-4888-B8D5-45031458DD07}.Release|Any CPU.ActiveCfg = Release|Any CPU
		{4C6B120B-99B5-4888-B8D5-45031458DD07}.Release|Any CPU.Build.0 = Release|Any CPU
		{93BEC5CC-BAFF-4389-89E7-84AAFF5D495D}.Debug|Any CPU.ActiveCfg = Debug|Any CPU
		{93BEC5CC-BAFF-4389-89E7-84AAFF5D495D}.Debug|Any CPU.Build.0 = Debug|Any CPU
		{93BEC5CC-BAFF-4389-89E7-84AAFF5D495D}.Release|Any CPU.ActiveCfg = Release|Any CPU
		{93BEC5CC-BAFF-4389-89E7-84AAFF5D495D}.Release|Any CPU.Build.0 = Release|Any CPU
		{73223FBD-C562-4FA0-9722-C7F1C382A9DE}.Debug|Any CPU.ActiveCfg = Debug|Any CPU
		{73223FBD-C562-4FA0-9722-C7F1C382A9DE}.Debug|Any CPU.Build.0 = Debug|Any CPU
		{73223FBD-C562-4FA0-9722-C7F1C382A9DE}.Release|Any CPU.ActiveCfg = Release|Any CPU
		{73223FBD-C562-4FA0-9722-C7F1C382A9DE}.Release|Any CPU.Build.0 = Release|Any CPU
		{D541BCE9-65BC-475B-94E5-19B6BFFF2B8E}.Debug|Any CPU.ActiveCfg = Debug|Any CPU
		{D541BCE9-65BC-475B-94E5-19B6BFFF2B8E}.Debug|Any CPU.Build.0 = Debug|Any CPU
		{D541BCE9-65BC-475B-94E5-19B6BFFF2B8E}.Release|Any CPU.ActiveCfg = Release|Any CPU
		{D541BCE9-65BC-475B-94E5-19B6BFFF2B8E}.Release|Any CPU.Build.0 = Release|Any CPU
		{35A34EBD-F2BF-4D83-A096-D5F007B12732}.Debug|Any CPU.ActiveCfg = Debug|Any CPU
		{35A34EBD-F2BF-4D83-A096-D5F007B12732}.Debug|Any CPU.Build.0 = Debug|Any CPU
		{35A34EBD-F2BF-4D83-A096-D5F007B12732}.Release|Any CPU.ActiveCfg = Release|Any CPU
		{35A34EBD-F2BF-4D83-A096-D5F007B12732}.Release|Any CPU.Build.0 = Release|Any CPU
		{D6D53889-5A10-46A4-BA66-E78B56EC1881}.Debug|Any CPU.ActiveCfg = Debug|Any CPU
		{D6D53889-5A10-46A4-BA66-E78B56EC1881}.Debug|Any CPU.Build.0 = Debug|Any CPU
		{D6D53889-5A10-46A4-BA66-E78B56EC1881}.Release|Any CPU.ActiveCfg = Release|Any CPU
		{D6D53889-5A10-46A4-BA66-E78B56EC1881}.Release|Any CPU.Build.0 = Release|Any CPU
	EndGlobalSection
	GlobalSection(SolutionProperties) = preSolution
		HideSolutionNode = FALSE
	EndGlobalSection
	GlobalSection(NestedProjects) = preSolution
		{C30B5859-D4B9-46E8-A797-6B0A1B49B590} = {79389FC0-C621-4CEA-AD2B-6074C32E7BCA}
		{A2A3B687-A1EC-4221-B792-9BBA8DED09DA} = {79389FC0-C621-4CEA-AD2B-6074C32E7BCA}
		{FC0CAF5A-30A7-4857-B1A4-486FAAA39E5A} = {79389FC0-C621-4CEA-AD2B-6074C32E7BCA}
		{4C6B120B-99B5-4888-B8D5-45031458DD07} = {D5266066-0AFD-44D5-A83E-2F73668A63C8}
		{93BEC5CC-BAFF-4389-89E7-84AAFF5D495D} = {D5266066-0AFD-44D5-A83E-2F73668A63C8}
		{73223FBD-C562-4FA0-9722-C7F1C382A9DE} = {79389FC0-C621-4CEA-AD2B-6074C32E7BCA}
		{D541BCE9-65BC-475B-94E5-19B6BFFF2B8E} = {79389FC0-C621-4CEA-AD2B-6074C32E7BCA}
		{35A34EBD-F2BF-4D83-A096-D5F007B12732} = {79389FC0-C621-4CEA-AD2B-6074C32E7BCA}
		{D6D53889-5A10-46A4-BA66-E78B56EC1881} = {79389FC0-C621-4CEA-AD2B-6074C32E7BCA}
	EndGlobalSection
	GlobalSection(ExtensibilityGlobals) = postSolution
		SolutionGuid = {6DA935E1-C674-4364-B087-F1B511B79215}
	EndGlobalSection
EndGlobal
