Microsoft Visual Studio Solution File, Format Version 12.00
# Visual Studio Version 17
VisualStudioVersion = 17.0.31903.59
MinimumVisualStudioVersion = 10.0.40219.1
Project("{FAE04EC0-301F-11D3-BF4B-00C04F79EFBC}") = "NeoContractSolution", "NeoContractSolution\NeoContractSolution.csproj", "{CONTRACTPROJECT-GUID}"
EndProject
Project("{FAE04EC0-301F-11D3-BF4B-00C04F79EFBC}") = "NeoContractSolution.UnitTests", "NeoContractSolution.UnitTests\NeoContractSolution.UnitTests.csproj", "{TESTPROJECT-GUID}"
EndProject
Global
	GlobalSection(SolutionConfigurationPlatforms) = preSolution
		Debug|Any CPU = Debug|Any CPU
		Release|Any CPU = Release|Any CPU
	EndGlobalSection
	GlobalSection(ProjectConfigurationPlatforms) = postSolution
		{CONTRACTPROJECT-GUID}.Debug|Any CPU.ActiveCfg = Debug|Any CPU
		{CONTRACTPROJECT-GUID}.Debug|Any CPU.Build.0 = Debug|Any CPU
		{CONTRACTPROJECT-GUID}.Release|Any CPU.ActiveCfg = Release|Any CPU
		{CONTRACTPROJECT-GUID}.Release|Any CPU.Build.0 = Release|Any CPU
		{TESTPROJECT-GUID}.Debug|Any CPU.ActiveCfg = Debug|Any CPU
		{TESTPROJECT-GUID}.Debug|Any CPU.Build.0 = Debug|Any CPU
		{TESTPROJECT-GUID}.Release|Any CPU.ActiveCfg = Release|Any CPU
		{TESTPROJECT-GUID}.Release|Any CPU.Build.0 = Release|Any CPU
	EndGlobalSection
EndGlobal
