
Microsoft Visual Studio Solution File, Format Version 12.00
# Visual Studio Version 16
VisualStudioVersion = 16.0.29025.244
MinimumVisualStudioVersion = 10.0.40219.1
Project("{FAE04EC0-301F-11D3-BF4B-00C04F79EFBC}") = "Template.NEP5.CSharp", "Template.NEP5.CSharp.csproj", "{A97D1F8D-1181-489D-893C-F25C019D75FF}"
EndProject
Global
	GlobalSection(SolutionConfigurationPlatforms) = preSolution
		Debug|Any CPU = Debug|Any CPU
		Release|Any CPU = Release|Any CPU
	EndGlobalSection
	GlobalSection(ProjectConfigurationPlatforms) = postSolution
		{A97D1F8D-1181-489D-893C-F25C019D75FF}.Debug|Any CPU.ActiveCfg = Debug|Any CPU
		{A97D1F8D-1181-489D-893C-F25C019D75FF}.Debug|Any CPU.Build.0 = Debug|Any CPU
		{A97D1F8D-1181-489D-893C-F25C019D75FF}.Release|Any CPU.ActiveCfg = Release|Any CPU
		{A97D1F8D-1181-489D-893C-F25C019D75FF}.Release|Any CPU.Build.0 = Release|Any CPU
	EndGlobalSection
	GlobalSection(SolutionProperties) = preSolution
		HideSolutionNode = FALSE
	EndGlobalSection
	GlobalSection(ExtensibilityGlobals) = postSolution
		SolutionGuid = {517EB11D-73F9-4594-88B0-0D7C0E9290C1}
	EndGlobalSection
EndGlobal
